
Microsoft Visual Studio Solution File, Format Version 12.00
# Visual Studio Version 17
VisualStudioVersion = 17.0.31903.59
MinimumVisualStudioVersion = 10.0.40219.1
Project("{2150E333-8FDC-42A3-9474-1A3956D46DE8}") = "src", "src", "{827E0CD3-B72D-47B6-A68D-7590B98EB39B}"
EndProject
Project("{FAE04EC0-301F-11D3-BF4B-00C04F79EFBC}") = "Forge.Contracts", "src\Forge.Contracts\Forge.Contracts.csproj", "{6794941E-2676-4206-A523-221CC8A58D6B}"
EndProject
Project("{FAE04EC0-301F-11D3-BF4B-00C04F79EFBC}") = "Forge.Domain", "src\Forge.Domain\Forge.Domain.csproj", "{99F2CF44-5874-4E61-A014-4DC537F4119D}"
EndProject
Project("{FAE04EC0-301F-11D3-BF4B-00C04F79EFBC}") = "Forge.Application", "src\Forge.Application\Forge.Application.csproj", "{0F613A75-F58F-4FD8-A821-4777E519BD44}"
EndProject
Project("{FAE04EC0-301F-11D3-BF4B-00C04F79EFBC}") = "Forge.Infrastructure", "src\Forge.Infrastructure\Forge.Infrastructure.csproj", "{A384AE98-0253-465C-971D-2CDF3099AC21}"
EndProject
Project("{FAE04EC0-301F-11D3-BF4B-00C04F79EFBC}") = "Forge.Api", "src\Forge.Api\Forge.Api.csproj", "{D9AFDB2B-53B2-4B6C-8C70-4E8E2F8DBD8B}"
EndProject
Project("{FAE04EC0-301F-11D3-BF4B-00C04F79EFBC}") = "Forge.Simulation", "src\Forge.Simulation\Forge.Simulation.csproj", "{A612DF8C-8A6C-41C3-9D8C-0EA9A2647FC1}"
EndProject
Project("{FAE04EC0-301F-11D3-BF4B-00C04F79EFBC}") = "Forge.Game", "src\Forge.Game\Forge.Game.csproj", "{8A24BDE4-1242-4790-81BE-055C919E5494}"
EndProject
Project("{2150E333-8FDC-42A3-9474-1A3956D46DE8}") = "tests", "tests", "{0AB3BF05-4346-4AA6-1389-037BE0695223}"
EndProject
Project("{FAE04EC0-301F-11D3-BF4B-00C04F79EFBC}") = "Forge.Tests", "tests\Forge.Tests\Forge.Tests.csproj", "{6C2CD28F-8D36-408C-949A-C82A907927AD}"
EndProject
Global
	GlobalSection(SolutionConfigurationPlatforms) = preSolution
		Debug|Any CPU = Debug|Any CPU
		Debug|x64 = Debug|x64
		Debug|x86 = Debug|x86
		Release|Any CPU = Release|Any CPU
		Release|x64 = Release|x64
		Release|x86 = Release|x86
	EndGlobalSection
	GlobalSection(ProjectConfigurationPlatforms) = postSolution
		{6794941E-2676-4206-A523-221CC8A58D6B}.Debug|Any CPU.ActiveCfg = Debug|Any CPU
		{6794941E-2676-4206-A523-221CC8A58D6B}.Debug|Any CPU.Build.0 = Debug|Any CPU
		{6794941E-2676-4206-A523-221CC8A58D6B}.Debug|x64.ActiveCfg = Debug|Any CPU
		{6794941E-2676-4206-A523-221CC8A58D6B}.Debug|x64.Build.0 = Debug|Any CPU
		{6794941E-2676-4206-A523-221CC8A58D6B}.Debug|x86.ActiveCfg = Debug|Any CPU
		{6794941E-2676-4206-A523-221CC8A58D6B}.Debug|x86.Build.0 = Debug|Any CPU
		{6794941E-2676-4206-A523-221CC8A58D6B}.Release|Any CPU.ActiveCfg = Release|Any CPU
		{6794941E-2676-4206-A523-221CC8A58D6B}.Release|Any CPU.Build.0 = Release|Any CPU
		{6794941E-2676-4206-A523-221CC8A58D6B}.Release|x64.ActiveCfg = Release|Any CPU
		{6794941E-2676-4206-A523-221CC8A58D6B}.Release|x64.Build.0 = Release|Any CPU
		{6794941E-2676-4206-A523-221CC8A58D6B}.Release|x86.ActiveCfg = Release|Any CPU
		{6794941E-2676-4206-A523-221CC8A58D6B}.Release|x86.Build.0 = Release|Any CPU
		{99F2CF44-5874-4E61-A014-4DC537F4119D}.Debug|Any CPU.ActiveCfg = Debug|Any CPU
		{99F2CF44-5874-4E61-A014-4DC537F4119D}.Debug|Any CPU.Build.0 = Debug|Any CPU
		{99F2CF44-5874-4E61-A014-4DC537F4119D}.Debug|x64.ActiveCfg = Debug|Any CPU
		{99F2CF44-5874-4E61-A014-4DC537F4119D}.Debug|x64.Build.0 = Debug|Any CPU
		{99F2CF44-5874-4E61-A014-4DC537F4119D}.Debug|x86.ActiveCfg = Debug|Any CPU
		{99F2CF44-5874-4E61-A014-4DC537F4119D}.Debug|x86.Build.0 = Debug|Any CPU
		{99F2CF44-5874-4E61-A014-4DC537F4119D}.Release|Any CPU.ActiveCfg = Release|Any CPU
		{99F2CF44-5874-4E61-A014-4DC537F4119D}.Release|Any CPU.Build.0 = Release|Any CPU
		{99F2CF44-5874-4E61-A014-4DC537F4119D}.Release|x64.ActiveCfg = Release|Any CPU
		{99F2CF44-5874-4E61-A014-4DC537F4119D}.Release|x64.Build.0 = Release|Any CPU
		{99F2CF44-5874-4E61-A014-4DC537F4119D}.Release|x86.ActiveCfg = Release|Any CPU
		{99F2CF44-5874-4E61-A014-4DC537F4119D}.Release|x86.Build.0 = Release|Any CPU
		{0F613A75-F58F-4FD8-A821-4777E519BD44}.Debug|Any CPU.ActiveCfg = Debug|Any CPU
		{0F613A75-F58F-4FD8-A821-4777E519BD44}.Debug|Any CPU.Build.0 = Debug|Any CPU
		{0F613A75-F58F-4FD8-A821-4777E519BD44}.Debug|x64.ActiveCfg = Debug|Any CPU
		{0F613A75-F58F-4FD8-A821-4777E519BD44}.Debug|x64.Build.0 = Debug|Any CPU
		{0F613A75-F58F-4FD8-A821-4777E519BD44}.Debug|x86.ActiveCfg = Debug|Any CPU
		{0F613A75-F58F-4FD8-A821-4777E519BD44}.Debug|x86.Build.0 = Debug|Any CPU
		{0F613A75-F58F-4FD8-A821-4777E519BD44}.Release|Any CPU.ActiveCfg = Release|Any CPU
		{0F613A75-F58F-4FD8-A821-4777E519BD44}.Release|Any CPU.Build.0 = Release|Any CPU
		{0F613A75-F58F-4FD8-A821-4777E519BD44}.Release|x64.ActiveCfg = Release|Any CPU
		{0F613A75-F58F-4FD8-A821-4777E519BD44}.Release|x64.Build.0 = Release|Any CPU
		{0F613A75-F58F-4FD8-A821-4777E519BD44}.Release|x86.ActiveCfg = Release|Any CPU
		{0F613A75-F58F-4FD8-A821-4777E519BD44}.Release|x86.Build.0 = Release|Any CPU
		{A384AE98-0253-465C-971D-2CDF3099AC21}.Debug|Any CPU.ActiveCfg = Debug|Any CPU
		{A384AE98-0253-465C-971D-2CDF3099AC21}.Debug|Any CPU.Build.0 = Debug|Any CPU
		{A384AE98-0253-465C-971D-2CDF3099AC21}.Debug|x64.ActiveCfg = Debug|Any CPU
		{A384AE98-0253-465C-971D-2CDF3099AC21}.Debug|x64.Build.0 = Debug|Any CPU
		{A384AE98-0253-465C-971D-2CDF3099AC21}.Debug|x86.ActiveCfg = Debug|Any CPU
		{A384AE98-0253-465C-971D-2CDF3099AC21}.Debug|x86.Build.0 = Debug|Any CPU
		{A384AE98-0253-465C-971D-2CDF3099AC21}.Release|Any CPU.ActiveCfg = Release|Any CPU
		{A384AE98-0253-465C-971D-2CDF3099AC21}.Release|Any CPU.Build.0 = Release|Any CPU
		{A384AE98-0253-465C-971D-2CDF3099AC21}.Release|x64.ActiveCfg = Release|Any CPU
		{A384AE98-0253-465C-971D-2CDF3099AC21}.Release|x64.Build.0 = Release|Any CPU
		{A384AE98-0253-465C-971D-2CDF3099AC21}.Release|x86.ActiveCfg = Release|Any CPU
		{A384AE98-0253-465C-971D-2CDF3099AC21}.Release|x86.Build.0 = Release|Any CPU
		{D9AFDB2B-53B2-4B6C-8C70-4E8E2F8DBD8B}.Debug|Any CPU.ActiveCfg = Debug|Any CPU
		{D9AFDB2B-53B2-4B6C-8C70-4E8E2F8DBD8B}.Debug|Any CPU.Build.0 = Debug|Any CPU
		{D9AFDB2B-53B2-4B6C-8C70-4E8E2F8DBD8B}.Debug|x64.ActiveCfg = Debug|Any CPU
		{D9AFDB2B-53B2-4B6C-8C70-4E8E2F8DBD8B}.Debug|x64.Build.0 = Debug|Any CPU
		{D9AFDB2B-53B2-4B6C-8C70-4E8E2F8DBD8B}.Debug|x86.ActiveCfg = Debug|Any CPU
		{D9AFDB2B-53B2-4B6C-8C70-4E8E2F8DBD8B}.Debug|x86.Build.0 = Debug|Any CPU
		{D9AFDB2B-53B2-4B6C-8C70-4E8E2F8DBD8B}.Release|Any CPU.ActiveCfg = Release|Any CPU
		{D9AFDB2B-53B2-4B6C-8C70-4E8E2F8DBD8B}.Release|Any CPU.Build.0 = Release|Any CPU
		{D9AFDB2B-53B2-4B6C-8C70-4E8E2F8DBD8B}.Release|x64.ActiveCfg = Release|Any CPU
		{D9AFDB2B-53B2-4B6C-8C70-4E8E2F8DBD8B}.Release|x64.Build.0 = Release|Any CPU
		{D9AFDB2B-53B2-4B6C-8C70-4E8E2F8DBD8B}.Release|x86.ActiveCfg = Release|Any CPU
		{D9AFDB2B-53B2-4B6C-8C70-4E8E2F8DBD8B}.Release|x86.Build.0 = Release|Any CPU
		{A612DF8C-8A6C-41C3-9D8C-0EA9A2647FC1}.Debug|Any CPU.ActiveCfg = Debug|Any CPU
		{A612DF8C-8A6C-41C3-9D8C-0EA9A2647FC1}.Debug|Any CPU.Build.0 = Debug|Any CPU
		{A612DF8C-8A6C-41C3-9D8C-0EA9A2647FC1}.Debug|x64.ActiveCfg = Debug|Any CPU
		{A612DF8C-8A6C-41C3-9D8C-0EA9A2647FC1}.Debug|x64.Build.0 = Debug|Any CPU
		{A612DF8C-8A6C-41C3-9D8C-0EA9A2647FC1}.Debug|x86.ActiveCfg = Debug|Any CPU
		{A612DF8C-8A6C-41C3-9D8C-0EA9A2647FC1}.Debug|x86.Build.0 = Debug|Any CPU
		{A612DF8C-8A6C-41C3-9D8C-0EA9A2647FC1}.Release|Any CPU.ActiveCfg = Release|Any CPU
		{A612DF8C-8A6C-41C3-9D8C-0EA9A2647FC1}.Release|Any CPU.Build.0 = Release|Any CPU
		{A612DF8C-8A6C-41C3-9D8C-0EA9A2647FC1}.Release|x64.ActiveCfg = Release|Any CPU
		{A612DF8C-8A6C-41C3-9D8C-0EA9A2647FC1}.Release|x64.Build.0 = Release|Any CPU
		{A612DF8C-8A6C-41C3-9D8C-0EA9A2647FC1}.Release|x86.ActiveCfg = Release|Any CPU
		{A612DF8C-8A6C-41C3-9D8C-0EA9A2647FC1}.Release|x86.Build.0 = Release|Any CPU
		{8A24BDE4-1242-4790-81BE-055C919E5494}.Debug|Any CPU.ActiveCfg = Debug|Any CPU
		{8A24BDE4-1242-4790-81BE-055C919E5494}.Debug|Any CPU.Build.0 = Debug|Any CPU
		{8A24BDE4-1242-4790-81BE-055C919E5494}.Debug|x64.ActiveCfg = Debug|Any CPU
		{8A24BDE4-1242-4790-81BE-055C919E5494}.Debug|x64.Build.0 = Debug|Any CPU
		{8A24BDE4-1242-4790-81BE-055C919E5494}.Debug|x86.ActiveCfg = Debug|Any CPU
		{8A24BDE4-1242-4790-81BE-055C919E5494}.Debug|x86.Build.0 = Debug|Any CPU
		{8A24BDE4-1242-4790-81BE-055C919E5494}.Release|Any CPU.ActiveCfg = Release|Any CPU
		{8A24BDE4-1242-4790-81BE-055C919E5494}.Release|Any CPU.Build.0 = Release|Any CPU
		{8A24BDE4-1242-4790-81BE-055C919E5494}.Release|x64.ActiveCfg = Release|Any CPU
		{8A24BDE4-1242-4790-81BE-055C919E5494}.Release|x64.Build.0 = Release|Any CPU
		{8A24BDE4-1242-4790-81BE-055C919E5494}.Release|x86.ActiveCfg = Release|Any CPU
		{8A24BDE4-1242-4790-81BE-055C919E5494}.Release|x86.Build.0 = Release|Any CPU
		{6C2CD28F-8D36-408C-949A-C82A907927AD}.Debug|Any CPU.ActiveCfg = Debug|Any CPU
		{6C2CD28F-8D36-408C-949A-C82A907927AD}.Debug|Any CPU.Build.0 = Debug|Any CPU
		{6C2CD28F-8D36-408C-949A-C82A907927AD}.Debug|x64.ActiveCfg = Debug|Any CPU
		{6C2CD28F-8D36-408C-949A-C82A907927AD}.Debug|x64.Build.0 = Debug|Any CPU
		{6C2CD28F-8D36-408C-949A-C82A907927AD}.Debug|x86.ActiveCfg = Debug|Any CPU
		{6C2CD28F-8D36-408C-949A-C82A907927AD}.Debug|x86.Build.0 = Debug|Any CPU
		{6C2CD28F-8D36-408C-949A-C82A907927AD}.Release|Any CPU.ActiveCfg = Release|Any CPU
		{6C2CD28F-8D36-408C-949A-C82A907927AD}.Release|Any CPU.Build.0 = Release|Any CPU
		{6C2CD28F-8D36-408C-949A-C82A907927AD}.Release|x64.ActiveCfg = Release|Any CPU
		{6C2CD28F-8D36-408C-949A-C82A907927AD}.Release|x64.Build.0 = Release|Any CPU
		{6C2CD28F-8D36-408C-949A-C82A907927AD}.Release|x86.ActiveCfg = Release|Any CPU
		{6C2CD28F-8D36-408C-949A-C82A907927AD}.Release|x86.Build.0 = Release|Any CPU
	EndGlobalSection
	GlobalSection(SolutionProperties) = preSolution
		HideSolutionNode = FALSE
	EndGlobalSection
	GlobalSection(NestedProjects) = preSolution
		{6794941E-2676-4206-A523-221CC8A58D6B} = {827E0CD3-B72D-47B6-A68D-7590B98EB39B}
		{99F2CF44-5874-4E61-A014-4DC537F4119D} = {827E0CD3-B72D-47B6-A68D-7590B98EB39B}
		{0F613A75-F58F-4FD8-A821-4777E519BD44} = {827E0CD3-B72D-47B6-A68D-7590B98EB39B}
		{A384AE98-0253-465C-971D-2CDF3099AC21} = {827E0CD3-B72D-47B6-A68D-7590B98EB39B}
		{D9AFDB2B-53B2-4B6C-8C70-4E8E2F8DBD8B} = {827E0CD3-B72D-47B6-A68D-7590B98EB39B}
		{A612DF8C-8A6C-41C3-9D8C-0EA9A2647FC1} = {827E0CD3-B72D-47B6-A68D-7590B98EB39B}
		{8A24BDE4-1242-4790-81BE-055C919E5494} = {827E0CD3-B72D-47B6-A68D-7590B98EB39B}
		{6C2CD28F-8D36-408C-949A-C82A907927AD} = {0AB3BF05-4346-4AA6-1389-037BE0695223}
	EndGlobalSection
EndGlobal
